
Microsoft Visual Studio Solution File, Format Version 12.00
# Visual Studio Version 17
VisualStudioVersion = 17.6.33829.357
MinimumVisualStudioVersion = 10.0.40219.1
Project("{FAE04EC0-301F-11D3-BF4B-00C04F79EFBC}") = "TaskManagementSystemProject", "TaskManagementSystemProject\TaskManagementSystemProject.csproj", "{46A4B7EC-15F2-4351-BD97-71F4E8B41B7B}"
EndProject
Global
	GlobalSection(SolutionConfigurationPlatforms) = preSolution
		Debug|Any CPU = Debug|Any CPU
		Release|Any CPU = Release|Any CPU
	EndGlobalSection
	GlobalSection(ProjectConfigurationPlatforms) = postSolution
		{46A4B7EC-15F2-4351-BD97-71F4E8B41B7B}.Debug|Any CPU.ActiveCfg = Debug|Any CPU
		{46A4B7EC-15F2-4351-BD97-71F4E8B41B7B}.Debug|Any CPU.Build.0 = Debug|Any CPU
		{46A4B7EC-15F2-4351-BD97-71F4E8B41B7B}.Release|Any CPU.ActiveCfg = Release|Any CPU
		{46A4B7EC-15F2-4351-BD97-71F4E8B41B7B}.Release|Any CPU.Build.0 = Release|Any CPU
	EndGlobalSection
	GlobalSection(SolutionProperties) = preSolution
		HideSolutionNode = FALSE
	EndGlobalSection
	GlobalSection(ExtensibilityGlobals) = postSolution
		SolutionGuid = {2D2A396C-04D2-4993-BFDA-038D07E0F7B3}
	EndGlobalSection
EndGlobal
